
Microsoft Visual Studio Solution File, Format Version 12.00
# Visual Studio 15
Project("{FAE04EC0-301F-11D3-BF4B-00C04F79EFBC}") = "Assembly-CSharp", "Assembly-CSharp.csproj", "{0617DDD2-B406-8312-22C1-65BAB8809256}"
EndProject
Project("{FAE04EC0-301F-11D3-BF4B-00C04F79EFBC}") = "Sirenix.OdinInspector.Modules.UnityMathematics", "Sirenix.OdinInspector.Modules.UnityMathematics.csproj", "{F8025BB1-38D0-598F-95C8-C4E253C107AD}"
EndProject
Global
	GlobalSection(SolutionConfigurationPlatforms) = preSolution
		Debug|Any CPU = Debug|Any CPU
		Release|Any CPU = Release|Any CPU
	EndGlobalSection
	GlobalSection(ProjectConfigurationPlatforms) = postSolution
		{0617DDD2-B406-8312-22C1-65BAB8809256}.Debug|Any CPU.ActiveCfg = Debug|Any CPU
		{0617DDD2-B406-8312-22C1-65BAB8809256}.Debug|Any CPU.Build.0 = Debug|Any CPU
		{0617DDD2-B406-8312-22C1-65BAB8809256}.Release|Any CPU.ActiveCfg = Release|Any CPU
		{0617DDD2-B406-8312-22C1-65BAB8809256}.Release|Any CPU.Build.0 = Release|Any CPU
		{F8025BB1-38D0-598F-95C8-C4E253C107AD}.Debug|Any CPU.ActiveCfg = Debug|Any CPU
		{F8025BB1-38D0-598F-95C8-C4E253C107AD}.Debug|Any CPU.Build.0 = Debug|Any CPU
		{F8025BB1-38D0-598F-95C8-C4E253C107AD}.Release|Any CPU.ActiveCfg = Release|Any CPU
		{F8025BB1-38D0-598F-95C8-C4E253C107AD}.Release|Any CPU.Build.0 = Release|Any CPU
	EndGlobalSection
	GlobalSection(SolutionProperties) = preSolution
		HideSolutionNode = FALSE
	EndGlobalSection
EndGlobal
